
Microsoft Visual Studio Solution File, Format Version 12.00
# Visual Studio 15
VisualStudioVersion = 15.0.26124.0
MinimumVisualStudioVersion = 15.0.26124.0
Project("{FAE04EC0-301F-11D3-BF4B-00C04F79EFBC}") = "DebuggerOfConsoleAPP", "DebuggerOfConsoleAPP\src\DebuggerOfConsoleAPP.csproj", "{E6195E7C-1226-433D-9D74-B6738D2788A1}"
EndProject
Project("{FAE04EC0-301F-11D3-BF4B-00C04F79EFBC}") = "DebuggerOfFormAPP", "DebuggerOfFormAPP\src\DebuggerOfFormAPP.csproj", "{7E50BD0A-CF70-4BF9-9C14-0CE0068CD9A3}"
EndProject
Project("{2150E333-8FDC-42A3-9474-1A3956D46DE8}") = "WebView2Touch", "WebView2Touch", "{9BCC9EE1-2024-4B4F-885F-5AD880B8E4F4}"
EndProject
Project("{FAE04EC0-301F-11D3-BF4B-00C04F79EFBC}") = "WebView4App01", "WebView2Touch\WebView4App01\src\WebView4App01.csproj", "{186E9FF9-5EFF-49A2-8118-F35AAB00B51F}"
EndProject
Project("{2150E333-8FDC-42A3-9474-1A3956D46DE8}") = "DotNetBarTouch", "DotNetBarTouch", "{18C96E3A-6FE4-4493-9793-1C28D4BEA90C}"
EndProject
Project("{FAE04EC0-301F-11D3-BF4B-00C04F79EFBC}") = "DotNetBar4App01", "DotNetBarTouch\DotNetBar4App01\src\DotNetBar4App01.csproj", "{825B46F4-7E7E-44B6-A993-A1CF40F28BD8}"
EndProject
Project("{FAE04EC0-301F-11D3-BF4B-00C04F79EFBC}") = "DotNetBar4App02", "DotNetBarTouch\DotNetBar4App02\src\DotNetBar4App02.csproj", "{08CC7566-4367-474D-A3DD-243A6F83F9EF}"
EndProject
Project("{2150E333-8FDC-42A3-9474-1A3956D46DE8}") = "AspNetCoreTouch", "AspNetCoreTouch", "{DF0313CD-8E95-48B7-9B76-15DCD50049DF}"
EndProject
Project("{FAE04EC0-301F-11D3-BF4B-00C04F79EFBC}") = "AspNetCore4Empty", "AspNetCoreTouch\AspNetCore4Empty\src\AspNetCore4Empty.csproj", "{7910B2B9-D33D-4E49-9E84-5AC70002FC15}"
EndProject
Project("{FAE04EC0-301F-11D3-BF4B-00C04F79EFBC}") = "AspNetCore4MVC", "AspNetCoreTouch\AspNetCore4MVC\src\AspNetCore4MVC.csproj", "{617763DF-2F00-41CB-A724-936C7FB3636D}"
EndProject
Project("{FAE04EC0-301F-11D3-BF4B-00C04F79EFBC}") = "AspNetCore4WebApp", "AspNetCoreTouch\AspNetCore4WebApp\src\AspNetCore4WebApp.csproj", "{4284DBFE-4001-409C-9AAB-F8BF4A18A3F9}"
EndProject
Project("{FAE04EC0-301F-11D3-BF4B-00C04F79EFBC}") = "AspNetCore4WebApi", "AspNetCoreTouch\AspNetCore4WebApi\src\AspNetCore4WebApi.csproj", "{FB01E6C6-DE0D-4374-91D8-2A8AD5B19CCB}"
EndProject
Project("{FAE04EC0-301F-11D3-BF4B-00C04F79EFBC}") = "AspNetCore4gRPC", "AspNetCoreTouch\AspNetCore4gRPC\src\AspNetCore4gRPC.csproj", "{3320D251-CE90-4896-BE15-3D64BE0FF62B}"
EndProject
Project("{2150E333-8FDC-42A3-9474-1A3956D46DE8}") = "GenericHostTouch", "GenericHostTouch", "{40BADAEB-EA69-4404-A0D6-8117AD92D557}"
EndProject
Project("{FAE04EC0-301F-11D3-BF4B-00C04F79EFBC}") = "GenericHost4App01", "GenericHostTouch\GenericHost4App01\src\GenericHost4App01.csproj", "{003983F4-B4F2-4F3D-80A6-4C6E5F00E31D}"
EndProject
Project("{FAE04EC0-301F-11D3-BF4B-00C04F79EFBC}") = "GenericHost4App02", "GenericHostTouch\GenericHost4App02\src\GenericHost4App02.csproj", "{05EF14A7-A268-408D-9651-2B97568D7813}"
EndProject
Project("{FAE04EC0-301F-11D3-BF4B-00C04F79EFBC}") = "GenericHost4Lib01", "GenericHostTouch\GenericHost4Lib01\src\GenericHost4Lib01.csproj", "{E43D7617-7763-4DFE-8C3E-B3E8DC6AF68F}"
EndProject
Project("{2150E333-8FDC-42A3-9474-1A3956D46DE8}") = "WPFTouch", "WPFTouch", "{374DE507-E6C0-4EDE-8BD2-7E6B7C3E5814}"
EndProject
Project("{FAE04EC0-301F-11D3-BF4B-00C04F79EFBC}") = "WPF4App01", "WPFTouch\WPF4App01\src\WPF4App01.csproj", "{2E589CE3-2F0E-4E93-9A5D-8DC0BC04B814}"
EndProject
Global
	GlobalSection(SolutionConfigurationPlatforms) = preSolution
		Debug|Any CPU = Debug|Any CPU
		Debug|x64 = Debug|x64
		Debug|x86 = Debug|x86
		Release|Any CPU = Release|Any CPU
		Release|x64 = Release|x64
		Release|x86 = Release|x86
	EndGlobalSection
	GlobalSection(SolutionProperties) = preSolution
		HideSolutionNode = FALSE
	EndGlobalSection
	GlobalSection(ProjectConfigurationPlatforms) = postSolution
		{E6195E7C-1226-433D-9D74-B6738D2788A1}.Debug|Any CPU.ActiveCfg = Debug|Any CPU
		{E6195E7C-1226-433D-9D74-B6738D2788A1}.Debug|Any CPU.Build.0 = Debug|Any CPU
		{E6195E7C-1226-433D-9D74-B6738D2788A1}.Debug|x64.ActiveCfg = Debug|Any CPU
		{E6195E7C-1226-433D-9D74-B6738D2788A1}.Debug|x64.Build.0 = Debug|Any CPU
		{E6195E7C-1226-433D-9D74-B6738D2788A1}.Debug|x86.ActiveCfg = Debug|Any CPU
		{E6195E7C-1226-433D-9D74-B6738D2788A1}.Debug|x86.Build.0 = Debug|Any CPU
		{E6195E7C-1226-433D-9D74-B6738D2788A1}.Release|Any CPU.ActiveCfg = Release|Any CPU
		{E6195E7C-1226-433D-9D74-B6738D2788A1}.Release|Any CPU.Build.0 = Release|Any CPU
		{E6195E7C-1226-433D-9D74-B6738D2788A1}.Release|x64.ActiveCfg = Release|Any CPU
		{E6195E7C-1226-433D-9D74-B6738D2788A1}.Release|x64.Build.0 = Release|Any CPU
		{E6195E7C-1226-433D-9D74-B6738D2788A1}.Release|x86.ActiveCfg = Release|Any CPU
		{E6195E7C-1226-433D-9D74-B6738D2788A1}.Release|x86.Build.0 = Release|Any CPU
		{7E50BD0A-CF70-4BF9-9C14-0CE0068CD9A3}.Debug|Any CPU.ActiveCfg = Debug|Any CPU
		{7E50BD0A-CF70-4BF9-9C14-0CE0068CD9A3}.Debug|Any CPU.Build.0 = Debug|Any CPU
		{7E50BD0A-CF70-4BF9-9C14-0CE0068CD9A3}.Debug|x64.ActiveCfg = Debug|Any CPU
		{7E50BD0A-CF70-4BF9-9C14-0CE0068CD9A3}.Debug|x64.Build.0 = Debug|Any CPU
		{7E50BD0A-CF70-4BF9-9C14-0CE0068CD9A3}.Debug|x86.ActiveCfg = Debug|Any CPU
		{7E50BD0A-CF70-4BF9-9C14-0CE0068CD9A3}.Debug|x86.Build.0 = Debug|Any CPU
		{7E50BD0A-CF70-4BF9-9C14-0CE0068CD9A3}.Release|Any CPU.ActiveCfg = Release|Any CPU
		{7E50BD0A-CF70-4BF9-9C14-0CE0068CD9A3}.Release|Any CPU.Build.0 = Release|Any CPU
		{7E50BD0A-CF70-4BF9-9C14-0CE0068CD9A3}.Release|x64.ActiveCfg = Release|Any CPU
		{7E50BD0A-CF70-4BF9-9C14-0CE0068CD9A3}.Release|x64.Build.0 = Release|Any CPU
		{7E50BD0A-CF70-4BF9-9C14-0CE0068CD9A3}.Release|x86.ActiveCfg = Release|Any CPU
		{7E50BD0A-CF70-4BF9-9C14-0CE0068CD9A3}.Release|x86.Build.0 = Release|Any CPU
		{186E9FF9-5EFF-49A2-8118-F35AAB00B51F}.Debug|Any CPU.ActiveCfg = Debug|Any CPU
		{186E9FF9-5EFF-49A2-8118-F35AAB00B51F}.Debug|Any CPU.Build.0 = Debug|Any CPU
		{186E9FF9-5EFF-49A2-8118-F35AAB00B51F}.Debug|x64.ActiveCfg = Debug|Any CPU
		{186E9FF9-5EFF-49A2-8118-F35AAB00B51F}.Debug|x64.Build.0 = Debug|Any CPU
		{186E9FF9-5EFF-49A2-8118-F35AAB00B51F}.Debug|x86.ActiveCfg = Debug|Any CPU
		{186E9FF9-5EFF-49A2-8118-F35AAB00B51F}.Debug|x86.Build.0 = Debug|Any CPU
		{186E9FF9-5EFF-49A2-8118-F35AAB00B51F}.Release|Any CPU.ActiveCfg = Release|Any CPU
		{186E9FF9-5EFF-49A2-8118-F35AAB00B51F}.Release|Any CPU.Build.0 = Release|Any CPU
		{186E9FF9-5EFF-49A2-8118-F35AAB00B51F}.Release|x64.ActiveCfg = Release|Any CPU
		{186E9FF9-5EFF-49A2-8118-F35AAB00B51F}.Release|x64.Build.0 = Release|Any CPU
		{186E9FF9-5EFF-49A2-8118-F35AAB00B51F}.Release|x86.ActiveCfg = Release|Any CPU
		{186E9FF9-5EFF-49A2-8118-F35AAB00B51F}.Release|x86.Build.0 = Release|Any CPU
		{825B46F4-7E7E-44B6-A993-A1CF40F28BD8}.Debug|Any CPU.ActiveCfg = Debug|Any CPU
		{825B46F4-7E7E-44B6-A993-A1CF40F28BD8}.Debug|Any CPU.Build.0 = Debug|Any CPU
		{825B46F4-7E7E-44B6-A993-A1CF40F28BD8}.Debug|x64.ActiveCfg = Debug|Any CPU
		{825B46F4-7E7E-44B6-A993-A1CF40F28BD8}.Debug|x64.Build.0 = Debug|Any CPU
		{825B46F4-7E7E-44B6-A993-A1CF40F28BD8}.Debug|x86.ActiveCfg = Debug|Any CPU
		{825B46F4-7E7E-44B6-A993-A1CF40F28BD8}.Debug|x86.Build.0 = Debug|Any CPU
		{825B46F4-7E7E-44B6-A993-A1CF40F28BD8}.Release|Any CPU.ActiveCfg = Release|Any CPU
		{825B46F4-7E7E-44B6-A993-A1CF40F28BD8}.Release|Any CPU.Build.0 = Release|Any CPU
		{825B46F4-7E7E-44B6-A993-A1CF40F28BD8}.Release|x64.ActiveCfg = Release|Any CPU
		{825B46F4-7E7E-44B6-A993-A1CF40F28BD8}.Release|x64.Build.0 = Release|Any CPU
		{825B46F4-7E7E-44B6-A993-A1CF40F28BD8}.Release|x86.ActiveCfg = Release|Any CPU
		{825B46F4-7E7E-44B6-A993-A1CF40F28BD8}.Release|x86.Build.0 = Release|Any CPU
		{08CC7566-4367-474D-A3DD-243A6F83F9EF}.Debug|Any CPU.ActiveCfg = Debug|Any CPU
		{08CC7566-4367-474D-A3DD-243A6F83F9EF}.Debug|Any CPU.Build.0 = Debug|Any CPU
		{08CC7566-4367-474D-A3DD-243A6F83F9EF}.Debug|x64.ActiveCfg = Debug|Any CPU
		{08CC7566-4367-474D-A3DD-243A6F83F9EF}.Debug|x64.Build.0 = Debug|Any CPU
		{08CC7566-4367-474D-A3DD-243A6F83F9EF}.Debug|x86.ActiveCfg = Debug|Any CPU
		{08CC7566-4367-474D-A3DD-243A6F83F9EF}.Debug|x86.Build.0 = Debug|Any CPU
		{08CC7566-4367-474D-A3DD-243A6F83F9EF}.Release|Any CPU.ActiveCfg = Release|Any CPU
		{08CC7566-4367-474D-A3DD-243A6F83F9EF}.Release|Any CPU.Build.0 = Release|Any CPU
		{08CC7566-4367-474D-A3DD-243A6F83F9EF}.Release|x64.ActiveCfg = Release|Any CPU
		{08CC7566-4367-474D-A3DD-243A6F83F9EF}.Release|x64.Build.0 = Release|Any CPU
		{08CC7566-4367-474D-A3DD-243A6F83F9EF}.Release|x86.ActiveCfg = Release|Any CPU
		{08CC7566-4367-474D-A3DD-243A6F83F9EF}.Release|x86.Build.0 = Release|Any CPU
		{7910B2B9-D33D-4E49-9E84-5AC70002FC15}.Debug|Any CPU.ActiveCfg = Debug|Any CPU
		{7910B2B9-D33D-4E49-9E84-5AC70002FC15}.Debug|Any CPU.Build.0 = Debug|Any CPU
		{7910B2B9-D33D-4E49-9E84-5AC70002FC15}.Debug|x64.ActiveCfg = Debug|Any CPU
		{7910B2B9-D33D-4E49-9E84-5AC70002FC15}.Debug|x64.Build.0 = Debug|Any CPU
		{7910B2B9-D33D-4E49-9E84-5AC70002FC15}.Debug|x86.ActiveCfg = Debug|Any CPU
		{7910B2B9-D33D-4E49-9E84-5AC70002FC15}.Debug|x86.Build.0 = Debug|Any CPU
		{7910B2B9-D33D-4E49-9E84-5AC70002FC15}.Release|Any CPU.ActiveCfg = Release|Any CPU
		{7910B2B9-D33D-4E49-9E84-5AC70002FC15}.Release|Any CPU.Build.0 = Release|Any CPU
		{7910B2B9-D33D-4E49-9E84-5AC70002FC15}.Release|x64.ActiveCfg = Release|Any CPU
		{7910B2B9-D33D-4E49-9E84-5AC70002FC15}.Release|x64.Build.0 = Release|Any CPU
		{7910B2B9-D33D-4E49-9E84-5AC70002FC15}.Release|x86.ActiveCfg = Release|Any CPU
		{7910B2B9-D33D-4E49-9E84-5AC70002FC15}.Release|x86.Build.0 = Release|Any CPU
		{617763DF-2F00-41CB-A724-936C7FB3636D}.Debug|Any CPU.ActiveCfg = Debug|Any CPU
		{617763DF-2F00-41CB-A724-936C7FB3636D}.Debug|Any CPU.Build.0 = Debug|Any CPU
		{617763DF-2F00-41CB-A724-936C7FB3636D}.Debug|x64.ActiveCfg = Debug|Any CPU
		{617763DF-2F00-41CB-A724-936C7FB3636D}.Debug|x64.Build.0 = Debug|Any CPU
		{617763DF-2F00-41CB-A724-936C7FB3636D}.Debug|x86.ActiveCfg = Debug|Any CPU
		{617763DF-2F00-41CB-A724-936C7FB3636D}.Debug|x86.Build.0 = Debug|Any CPU
		{617763DF-2F00-41CB-A724-936C7FB3636D}.Release|Any CPU.ActiveCfg = Release|Any CPU
		{617763DF-2F00-41CB-A724-936C7FB3636D}.Release|Any CPU.Build.0 = Release|Any CPU
		{617763DF-2F00-41CB-A724-936C7FB3636D}.Release|x64.ActiveCfg = Release|Any CPU
		{617763DF-2F00-41CB-A724-936C7FB3636D}.Release|x64.Build.0 = Release|Any CPU
		{617763DF-2F00-41CB-A724-936C7FB3636D}.Release|x86.ActiveCfg = Release|Any CPU
		{617763DF-2F00-41CB-A724-936C7FB3636D}.Release|x86.Build.0 = Release|Any CPU
		{4284DBFE-4001-409C-9AAB-F8BF4A18A3F9}.Debug|Any CPU.ActiveCfg = Debug|Any CPU
		{4284DBFE-4001-409C-9AAB-F8BF4A18A3F9}.Debug|Any CPU.Build.0 = Debug|Any CPU
		{4284DBFE-4001-409C-9AAB-F8BF4A18A3F9}.Debug|x64.ActiveCfg = Debug|Any CPU
		{4284DBFE-4001-409C-9AAB-F8BF4A18A3F9}.Debug|x64.Build.0 = Debug|Any CPU
		{4284DBFE-4001-409C-9AAB-F8BF4A18A3F9}.Debug|x86.ActiveCfg = Debug|Any CPU
		{4284DBFE-4001-409C-9AAB-F8BF4A18A3F9}.Debug|x86.Build.0 = Debug|Any CPU
		{4284DBFE-4001-409C-9AAB-F8BF4A18A3F9}.Release|Any CPU.ActiveCfg = Release|Any CPU
		{4284DBFE-4001-409C-9AAB-F8BF4A18A3F9}.Release|Any CPU.Build.0 = Release|Any CPU
		{4284DBFE-4001-409C-9AAB-F8BF4A18A3F9}.Release|x64.ActiveCfg = Release|Any CPU
		{4284DBFE-4001-409C-9AAB-F8BF4A18A3F9}.Release|x64.Build.0 = Release|Any CPU
		{4284DBFE-4001-409C-9AAB-F8BF4A18A3F9}.Release|x86.ActiveCfg = Release|Any CPU
		{4284DBFE-4001-409C-9AAB-F8BF4A18A3F9}.Release|x86.Build.0 = Release|Any CPU
		{FB01E6C6-DE0D-4374-91D8-2A8AD5B19CCB}.Debug|Any CPU.ActiveCfg = Debug|Any CPU
		{FB01E6C6-DE0D-4374-91D8-2A8AD5B19CCB}.Debug|Any CPU.Build.0 = Debug|Any CPU
		{FB01E6C6-DE0D-4374-91D8-2A8AD5B19CCB}.Debug|x64.ActiveCfg = Debug|Any CPU
		{FB01E6C6-DE0D-4374-91D8-2A8AD5B19CCB}.Debug|x64.Build.0 = Debug|Any CPU
		{FB01E6C6-DE0D-4374-91D8-2A8AD5B19CCB}.Debug|x86.ActiveCfg = Debug|Any CPU
		{FB01E6C6-DE0D-4374-91D8-2A8AD5B19CCB}.Debug|x86.Build.0 = Debug|Any CPU
		{FB01E6C6-DE0D-4374-91D8-2A8AD5B19CCB}.Release|Any CPU.ActiveCfg = Release|Any CPU
		{FB01E6C6-DE0D-4374-91D8-2A8AD5B19CCB}.Release|Any CPU.Build.0 = Release|Any CPU
		{FB01E6C6-DE0D-4374-91D8-2A8AD5B19CCB}.Release|x64.ActiveCfg = Release|Any CPU
		{FB01E6C6-DE0D-4374-91D8-2A8AD5B19CCB}.Release|x64.Build.0 = Release|Any CPU
		{FB01E6C6-DE0D-4374-91D8-2A8AD5B19CCB}.Release|x86.ActiveCfg = Release|Any CPU
		{FB01E6C6-DE0D-4374-91D8-2A8AD5B19CCB}.Release|x86.Build.0 = Release|Any CPU
		{3320D251-CE90-4896-BE15-3D64BE0FF62B}.Debug|Any CPU.ActiveCfg = Debug|Any CPU
		{3320D251-CE90-4896-BE15-3D64BE0FF62B}.Debug|Any CPU.Build.0 = Debug|Any CPU
		{3320D251-CE90-4896-BE15-3D64BE0FF62B}.Debug|x64.ActiveCfg = Debug|Any CPU
		{3320D251-CE90-4896-BE15-3D64BE0FF62B}.Debug|x64.Build.0 = Debug|Any CPU
		{3320D251-CE90-4896-BE15-3D64BE0FF62B}.Debug|x86.ActiveCfg = Debug|Any CPU
		{3320D251-CE90-4896-BE15-3D64BE0FF62B}.Debug|x86.Build.0 = Debug|Any CPU
		{3320D251-CE90-4896-BE15-3D64BE0FF62B}.Release|Any CPU.ActiveCfg = Release|Any CPU
		{3320D251-CE90-4896-BE15-3D64BE0FF62B}.Release|Any CPU.Build.0 = Release|Any CPU
		{3320D251-CE90-4896-BE15-3D64BE0FF62B}.Release|x64.ActiveCfg = Release|Any CPU
		{3320D251-CE90-4896-BE15-3D64BE0FF62B}.Release|x64.Build.0 = Release|Any CPU
		{3320D251-CE90-4896-BE15-3D64BE0FF62B}.Release|x86.ActiveCfg = Release|Any CPU
		{3320D251-CE90-4896-BE15-3D64BE0FF62B}.Release|x86.Build.0 = Release|Any CPU
		{003983F4-B4F2-4F3D-80A6-4C6E5F00E31D}.Debug|Any CPU.ActiveCfg = Debug|Any CPU
		{003983F4-B4F2-4F3D-80A6-4C6E5F00E31D}.Debug|Any CPU.Build.0 = Debug|Any CPU
		{003983F4-B4F2-4F3D-80A6-4C6E5F00E31D}.Debug|x64.ActiveCfg = Debug|Any CPU
		{003983F4-B4F2-4F3D-80A6-4C6E5F00E31D}.Debug|x64.Build.0 = Debug|Any CPU
		{003983F4-B4F2-4F3D-80A6-4C6E5F00E31D}.Debug|x86.ActiveCfg = Debug|Any CPU
		{003983F4-B4F2-4F3D-80A6-4C6E5F00E31D}.Debug|x86.Build.0 = Debug|Any CPU
		{003983F4-B4F2-4F3D-80A6-4C6E5F00E31D}.Release|Any CPU.ActiveCfg = Release|Any CPU
		{003983F4-B4F2-4F3D-80A6-4C6E5F00E31D}.Release|Any CPU.Build.0 = Release|Any CPU
		{003983F4-B4F2-4F3D-80A6-4C6E5F00E31D}.Release|x64.ActiveCfg = Release|Any CPU
		{003983F4-B4F2-4F3D-80A6-4C6E5F00E31D}.Release|x64.Build.0 = Release|Any CPU
		{003983F4-B4F2-4F3D-80A6-4C6E5F00E31D}.Release|x86.ActiveCfg = Release|Any CPU
		{003983F4-B4F2-4F3D-80A6-4C6E5F00E31D}.Release|x86.Build.0 = Release|Any CPU
		{05EF14A7-A268-408D-9651-2B97568D7813}.Debug|Any CPU.ActiveCfg = Debug|Any CPU
		{05EF14A7-A268-408D-9651-2B97568D7813}.Debug|Any CPU.Build.0 = Debug|Any CPU
		{05EF14A7-A268-408D-9651-2B97568D7813}.Debug|x64.ActiveCfg = Debug|Any CPU
		{05EF14A7-A268-408D-9651-2B97568D7813}.Debug|x64.Build.0 = Debug|Any CPU
		{05EF14A7-A268-408D-9651-2B97568D7813}.Debug|x86.ActiveCfg = Debug|Any CPU
		{05EF14A7-A268-408D-9651-2B97568D7813}.Debug|x86.Build.0 = Debug|Any CPU
		{05EF14A7-A268-408D-9651-2B97568D7813}.Release|Any CPU.ActiveCfg = Release|Any CPU
		{05EF14A7-A268-408D-9651-2B97568D7813}.Release|Any CPU.Build.0 = Release|Any CPU
		{05EF14A7-A268-408D-9651-2B97568D7813}.Release|x64.ActiveCfg = Release|Any CPU
		{05EF14A7-A268-408D-9651-2B97568D7813}.Release|x64.Build.0 = Release|Any CPU
		{05EF14A7-A268-408D-9651-2B97568D7813}.Release|x86.ActiveCfg = Release|Any CPU
		{05EF14A7-A268-408D-9651-2B97568D7813}.Release|x86.Build.0 = Release|Any CPU
		{E43D7617-7763-4DFE-8C3E-B3E8DC6AF68F}.Debug|Any CPU.ActiveCfg = Debug|Any CPU
		{E43D7617-7763-4DFE-8C3E-B3E8DC6AF68F}.Debug|Any CPU.Build.0 = Debug|Any CPU
		{E43D7617-7763-4DFE-8C3E-B3E8DC6AF68F}.Debug|x64.ActiveCfg = Debug|Any CPU
		{E43D7617-7763-4DFE-8C3E-B3E8DC6AF68F}.Debug|x64.Build.0 = Debug|Any CPU
		{E43D7617-7763-4DFE-8C3E-B3E8DC6AF68F}.Debug|x86.ActiveCfg = Debug|Any CPU
		{E43D7617-7763-4DFE-8C3E-B3E8DC6AF68F}.Debug|x86.Build.0 = Debug|Any CPU
		{E43D7617-7763-4DFE-8C3E-B3E8DC6AF68F}.Release|Any CPU.ActiveCfg = Release|Any CPU
		{E43D7617-7763-4DFE-8C3E-B3E8DC6AF68F}.Release|Any CPU.Build.0 = Release|Any CPU
		{E43D7617-7763-4DFE-8C3E-B3E8DC6AF68F}.Release|x64.ActiveCfg = Release|Any CPU
		{E43D7617-7763-4DFE-8C3E-B3E8DC6AF68F}.Release|x64.Build.0 = Release|Any CPU
		{E43D7617-7763-4DFE-8C3E-B3E8DC6AF68F}.Release|x86.ActiveCfg = Release|Any CPU
		{E43D7617-7763-4DFE-8C3E-B3E8DC6AF68F}.Release|x86.Build.0 = Release|Any CPU
		{2E589CE3-2F0E-4E93-9A5D-8DC0BC04B814}.Debug|Any CPU.ActiveCfg = Debug|Any CPU
		{2E589CE3-2F0E-4E93-9A5D-8DC0BC04B814}.Debug|Any CPU.Build.0 = Debug|Any CPU
		{2E589CE3-2F0E-4E93-9A5D-8DC0BC04B814}.Debug|x64.ActiveCfg = Debug|Any CPU
		{2E589CE3-2F0E-4E93-9A5D-8DC0BC04B814}.Debug|x64.Build.0 = Debug|Any CPU
		{2E589CE3-2F0E-4E93-9A5D-8DC0BC04B814}.Debug|x86.ActiveCfg = Debug|Any CPU
		{2E589CE3-2F0E-4E93-9A5D-8DC0BC04B814}.Debug|x86.Build.0 = Debug|Any CPU
		{2E589CE3-2F0E-4E93-9A5D-8DC0BC04B814}.Release|Any CPU.ActiveCfg = Release|Any CPU
		{2E589CE3-2F0E-4E93-9A5D-8DC0BC04B814}.Release|Any CPU.Build.0 = Release|Any CPU
		{2E589CE3-2F0E-4E93-9A5D-8DC0BC04B814}.Release|x64.ActiveCfg = Release|Any CPU
		{2E589CE3-2F0E-4E93-9A5D-8DC0BC04B814}.Release|x64.Build.0 = Release|Any CPU
		{2E589CE3-2F0E-4E93-9A5D-8DC0BC04B814}.Release|x86.ActiveCfg = Release|Any CPU
		{2E589CE3-2F0E-4E93-9A5D-8DC0BC04B814}.Release|x86.Build.0 = Release|Any CPU
	EndGlobalSection
	GlobalSection(NestedProjects) = preSolution
		{186E9FF9-5EFF-49A2-8118-F35AAB00B51F} = {9BCC9EE1-2024-4B4F-885F-5AD880B8E4F4}
		{825B46F4-7E7E-44B6-A993-A1CF40F28BD8} = {18C96E3A-6FE4-4493-9793-1C28D4BEA90C}
		{08CC7566-4367-474D-A3DD-243A6F83F9EF} = {18C96E3A-6FE4-4493-9793-1C28D4BEA90C}
		{7910B2B9-D33D-4E49-9E84-5AC70002FC15} = {DF0313CD-8E95-48B7-9B76-15DCD50049DF}
		{617763DF-2F00-41CB-A724-936C7FB3636D} = {DF0313CD-8E95-48B7-9B76-15DCD50049DF}
		{4284DBFE-4001-409C-9AAB-F8BF4A18A3F9} = {DF0313CD-8E95-48B7-9B76-15DCD50049DF}
		{FB01E6C6-DE0D-4374-91D8-2A8AD5B19CCB} = {DF0313CD-8E95-48B7-9B76-15DCD50049DF}
		{3320D251-CE90-4896-BE15-3D64BE0FF62B} = {DF0313CD-8E95-48B7-9B76-15DCD50049DF}
		{003983F4-B4F2-4F3D-80A6-4C6E5F00E31D} = {40BADAEB-EA69-4404-A0D6-8117AD92D557}
		{05EF14A7-A268-408D-9651-2B97568D7813} = {40BADAEB-EA69-4404-A0D6-8117AD92D557}
		{E43D7617-7763-4DFE-8C3E-B3E8DC6AF68F} = {40BADAEB-EA69-4404-A0D6-8117AD92D557}
		{2E589CE3-2F0E-4E93-9A5D-8DC0BC04B814} = {374DE507-E6C0-4EDE-8BD2-7E6B7C3E5814}
	EndGlobalSection
EndGlobal
